// !$*UTF8*$!
{
	archiveVersion = 1;
	classes = {
	};
	objectVersion = 55;
	objects = {

/* Begin PBXBuildFile section */
		C114DB2A282B17040060D19A /* EngineUIKit.docc in Sources */ = {isa = PBXBuildFile; fileRef = C114DB29282B17040060D19A /* EngineUIKit.docc */; };
		C114DB30282B17040060D19A /* EngineUIKit.framework in Frameworks */ = {isa = PBXBuildFile; fileRef = C114DB25282B17040060D19A /* EngineUIKit.framework */; };
		C114DB35282B17040060D19A /* EngineUIKitTests.swift in Sources */ = {isa = PBXBuildFile; fileRef = C114DB34282B17040060D19A /* EngineUIKitTests.swift */; };
		C114DB36282B17040060D19A /* EngineUIKit.h in Headers */ = {isa = PBXBuildFile; fileRef = C114DB28282B17040060D19A /* EngineUIKit.h */; settings = {ATTRIBUTES = (Public, ); }; };
		C114DB41282B1BB20060D19A /* EngineButton.swift in Sources */ = {isa = PBXBuildFile; fileRef = C114DB40282B1BB20060D19A /* EngineButton.swift */; };
		C1192A29282D5D0E00C9A05E /* PlanActionView.swift in Sources */ = {isa = PBXBuildFile; fileRef = C1192A23282D5D0E00C9A05E /* PlanActionView.swift */; };
		C1192A2A282D5D0E00C9A05E /* FixedActionTileView.swift in Sources */ = {isa = PBXBuildFile; fileRef = C1192A25282D5D0E00C9A05E /* FixedActionTileView.swift */; };
		C1192A2B282D5D0E00C9A05E /* ActionView.swift in Sources */ = {isa = PBXBuildFile; fileRef = C1192A26282D5D0E00C9A05E /* ActionView.swift */; };
		C1192A2C282D5D0E00C9A05E /* FixedActionTileViewModel.swift in Sources */ = {isa = PBXBuildFile; fileRef = C1192A27282D5D0E00C9A05E /* FixedActionTileViewModel.swift */; };
		C1192A2D282D5D0E00C9A05E /* Action.swift in Sources */ = {isa = PBXBuildFile; fileRef = C1192A28282D5D0E00C9A05E /* Action.swift */; };
/* End PBXBuildFile section */

/* Begin PBXContainerItemProxy section */
		C114DB31282B17040060D19A /* PBXContainerItemProxy */ = {
			isa = PBXContainerItemProxy;
			containerPortal = C114DB1C282B17040060D19A /* Project object */;
			proxyType = 1;
			remoteGlobalIDString = C114DB24282B17040060D19A;
			remoteInfo = EngineUIKit;
		};
/* End PBXContainerItemProxy section */

/* Begin PBXFileReference section */
		C114DB25282B17040060D19A /* EngineUIKit.framework */ = {isa = PBXFileReference; explicitFileType = wrapper.framework; includeInIndex = 0; path = EngineUIKit.framework; sourceTree = BUILT_PRODUCTS_DIR; };
		C114DB28282B17040060D19A /* EngineUIKit.h */ = {isa = PBXFileReference; lastKnownFileType = sourcecode.c.h; path = EngineUIKit.h; sourceTree = "<group>"; };
		C114DB29282B17040060D19A /* EngineUIKit.docc */ = {isa = PBXFileReference; lastKnownFileType = folder.documentationcatalog; path = EngineUIKit.docc; sourceTree = "<group>"; };
		C114DB2F282B17040060D19A /* EngineUIKitTests.xctest */ = {isa = PBXFileReference; explicitFileType = wrapper.cfbundle; includeInIndex = 0; path = EngineUIKitTests.xctest; sourceTree = BUILT_PRODUCTS_DIR; };
		C114DB34282B17040060D19A /* EngineUIKitTests.swift */ = {isa = PBXFileReference; lastKnownFileType = sourcecode.swift; path = EngineUIKitTests.swift; sourceTree = "<group>"; };
		C114DB40282B1BB20060D19A /* EngineButton.swift */ = {isa = PBXFileReference; lastKnownFileType = sourcecode.swift; path = EngineButton.swift; sourceTree = "<group>"; };
		C1192A23282D5D0E00C9A05E /* PlanActionView.swift */ = {isa = PBXFileReference; fileEncoding = 4; lastKnownFileType = sourcecode.swift; path = PlanActionView.swift; sourceTree = "<group>"; };
		C1192A25282D5D0E00C9A05E /* FixedActionTileView.swift */ = {isa = PBXFileReference; fileEncoding = 4; lastKnownFileType = sourcecode.swift; path = FixedActionTileView.swift; sourceTree = "<group>"; };
		C1192A26282D5D0E00C9A05E /* ActionView.swift */ = {isa = PBXFileReference; fileEncoding = 4; lastKnownFileType = sourcecode.swift; path = ActionView.swift; sourceTree = "<group>"; };
		C1192A27282D5D0E00C9A05E /* FixedActionTileViewModel.swift */ = {isa = PBXFileReference; fileEncoding = 4; lastKnownFileType = sourcecode.swift; path = FixedActionTileViewModel.swift; sourceTree = "<group>"; };
		C1192A28282D5D0E00C9A05E /* Action.swift */ = {isa = PBXFileReference; fileEncoding = 4; lastKnownFileType = sourcecode.swift; path = Action.swift; sourceTree = "<group>"; };
/* End PBXFileReference section */

/* Begin PBXFrameworksBuildPhase section */
		C114DB22282B17040060D19A /* Frameworks */ = {
			isa = PBXFrameworksBuildPhase;
			buildActionMask = 2147483647;
			files = (
			);
			runOnlyForDeploymentPostprocessing = 0;
		};
		C114DB2C282B17040060D19A /* Frameworks */ = {
			isa = PBXFrameworksBuildPhase;
			buildActionMask = 2147483647;
			files = (
				C114DB30282B17040060D19A /* EngineUIKit.framework in Frameworks */,
			);
			runOnlyForDeploymentPostprocessing = 0;
		};
/* End PBXFrameworksBuildPhase section */

/* Begin PBXGroup section */
		C114DB1B282B17040060D19A = {
			isa = PBXGroup;
			children = (
				C114DB27282B17040060D19A /* EngineUIKit */,
				C114DB33282B17040060D19A /* EngineUIKitTests */,
				C114DB26282B17040060D19A /* Products */,
			);
			sourceTree = "<group>";
		};
		C114DB26282B17040060D19A /* Products */ = {
			isa = PBXGroup;
			children = (
				C114DB25282B17040060D19A /* EngineUIKit.framework */,
				C114DB2F282B17040060D19A /* EngineUIKitTests.xctest */,
			);
			name = Products;
			sourceTree = "<group>";
		};
		C114DB27282B17040060D19A /* EngineUIKit */ = {
			isa = PBXGroup;
			children = (
				C1192A24282D5D0E00C9A05E /* FixedActions */,
				C1192A22282D5D0E00C9A05E /* PlayActionView */,
				C114DB3F282B1AD60060D19A /* UIButton */,
				C114DB28282B17040060D19A /* EngineUIKit.h */,
				C114DB29282B17040060D19A /* EngineUIKit.docc */,
			);
			path = EngineUIKit;
			sourceTree = "<group>";
		};
		C114DB33282B17040060D19A /* EngineUIKitTests */ = {
			isa = PBXGroup;
			children = (
				C114DB34282B17040060D19A /* EngineUIKitTests.swift */,
			);
			path = EngineUIKitTests;
			sourceTree = "<group>";
		};
		C114DB3F282B1AD60060D19A /* UIButton */ = {
			isa = PBXGroup;
			children = (
				C114DB40282B1BB20060D19A /* EngineButton.swift */,
			);
			path = UIButton;
			sourceTree = "<group>";
		};
		C1192A22282D5D0E00C9A05E /* PlayActionView */ = {
			isa = PBXGroup;
			children = (
				C1192A23282D5D0E00C9A05E /* PlanActionView.swift */,
			);
			path = PlayActionView;
			sourceTree = "<group>";
		};
		C1192A24282D5D0E00C9A05E /* FixedActions */ = {
			isa = PBXGroup;
			children = (
				C1192A25282D5D0E00C9A05E /* FixedActionTileView.swift */,
				C1192A26282D5D0E00C9A05E /* ActionView.swift */,
				C1192A27282D5D0E00C9A05E /* FixedActionTileViewModel.swift */,
				C1192A28282D5D0E00C9A05E /* Action.swift */,
			);
			path = FixedActions;
			sourceTree = "<group>";
		};
/* End PBXGroup section */

/* Begin PBXHeadersBuildPhase section */
		C114DB20282B17040060D19A /* Headers */ = {
			isa = PBXHeadersBuildPhase;
			buildActionMask = 2147483647;
			files = (
				C114DB36282B17040060D19A /* EngineUIKit.h in Headers */,
			);
			runOnlyForDeploymentPostprocessing = 0;
		};
/* End PBXHeadersBuildPhase section */

/* Begin PBXNativeTarget section */
		C114DB24282B17040060D19A /* EngineUIKit */ = {
			isa = PBXNativeTarget;
			buildConfigurationList = C114DB39282B17040060D19A /* Build configuration list for PBXNativeTarget "EngineUIKit" */;
			buildPhases = (
				C114DB20282B17040060D19A /* Headers */,
				C114DB21282B17040060D19A /* Sources */,
				C114DB22282B17040060D19A /* Frameworks */,
				C114DB23282B17040060D19A /* Resources */,
			);
			buildRules = (
			);
			dependencies = (
			);
			name = EngineUIKit;
			productName = EngineUIKit;
			productReference = C114DB25282B17040060D19A /* EngineUIKit.framework */;
			productType = "com.apple.product-type.framework";
		};
		C114DB2E282B17040060D19A /* EngineUIKitTests */ = {
			isa = PBXNativeTarget;
			buildConfigurationList = C114DB3C282B17040060D19A /* Build configuration list for PBXNativeTarget "EngineUIKitTests" */;
			buildPhases = (
				C114DB2B282B17040060D19A /* Sources */,
				C114DB2C282B17040060D19A /* Frameworks */,
				C114DB2D282B17040060D19A /* Resources */,
			);
			buildRules = (
			);
			dependencies = (
				C114DB32282B17040060D19A /* PBXTargetDependency */,
			);
			name = EngineUIKitTests;
			productName = EngineUIKitTests;
			productReference = C114DB2F282B17040060D19A /* EngineUIKitTests.xctest */;
			productType = "com.apple.product-type.bundle.unit-test";
		};
/* End PBXNativeTarget section */

/* Begin PBXProject section */
		C114DB1C282B17040060D19A /* Project object */ = {
			isa = PBXProject;
			attributes = {
				BuildIndependentTargetsInParallel = 1;
				LastSwiftUpdateCheck = 1320;
				LastUpgradeCheck = 1320;
				TargetAttributes = {
					C114DB24282B17040060D19A = {
						CreatedOnToolsVersion = 13.2.1;
					};
					C114DB2E282B17040060D19A = {
						CreatedOnToolsVersion = 13.2.1;
					};
				};
			};
			buildConfigurationList = C114DB1F282B17040060D19A /* Build configuration list for PBXProject "EngineUIKit" */;
			compatibilityVersion = "Xcode 13.0";
			developmentRegion = en;
			hasScannedForEncodings = 0;
			knownRegions = (
				en,
				Base,
			);
			mainGroup = C114DB1B282B17040060D19A;
			productRefGroup = C114DB26282B17040060D19A /* Products */;
			projectDirPath = "";
			projectRoot = "";
			targets = (
				C114DB24282B17040060D19A /* EngineUIKit */,
				C114DB2E282B17040060D19A /* EngineUIKitTests */,
			);
		};
/* End PBXProject section */

/* Begin PBXResourcesBuildPhase section */
		C114DB23282B17040060D19A /* Resources */ = {
			isa = PBXResourcesBuildPhase;
			buildActionMask = 2147483647;
			files = (
			);
			runOnlyForDeploymentPostprocessing = 0;
		};
		C114DB2D282B17040060D19A /* Resources */ = {
			isa = PBXResourcesBuildPhase;
			buildActionMask = 2147483647;
			files = (
			);
			runOnlyForDeploymentPostprocessing = 0;
		};
/* End PBXResourcesBuildPhase section */

/* Begin PBXSourcesBuildPhase section */
		C114DB21282B17040060D19A /* Sources */ = {
			isa = PBXSourcesBuildPhase;
			buildActionMask = 2147483647;
			files = (
				C1192A2B282D5D0E00C9A05E /* ActionView.swift in Sources */,
				C114DB2A282B17040060D19A /* EngineUIKit.docc in Sources */,
				C1192A29282D5D0E00C9A05E /* PlanActionView.swift in Sources */,
				C114DB41282B1BB20060D19A /* EngineButton.swift in Sources */,
				C1192A2D282D5D0E00C9A05E /* Action.swift in Sources */,
				C1192A2A282D5D0E00C9A05E /* FixedActionTileView.swift in Sources */,
				C1192A2C282D5D0E00C9A05E /* FixedActionTileViewModel.swift in Sources */,
			);
			runOnlyForDeploymentPostprocessing = 0;
		};
		C114DB2B282B17040060D19A /* Sources */ = {
			isa = PBXSourcesBuildPhase;
			buildActionMask = 2147483647;
			files = (
				C114DB35282B17040060D19A /* EngineUIKitTests.swift in Sources */,
			);
			runOnlyForDeploymentPostprocessing = 0;
		};
/* End PBXSourcesBuildPhase section */

/* Begin PBXTargetDependency section */
		C114DB32282B17040060D19A /* PBXTargetDependency */ = {
			isa = PBXTargetDependency;
			target = C114DB24282B17040060D19A /* EngineUIKit */;
			targetProxy = C114DB31282B17040060D19A /* PBXContainerItemProxy */;
		};
/* End PBXTargetDependency section */

/* Begin XCBuildConfiguration section */
		C114DB37282B17040060D19A /* Debug */ = {
			isa = XCBuildConfiguration;
			buildSettings = {
				ALWAYS_SEARCH_USER_PATHS = NO;
				CLANG_ANALYZER_NONNULL = YES;
				CLANG_ANALYZER_NUMBER_OBJECT_CONVERSION = YES_AGGRESSIVE;
				CLANG_CXX_LANGUAGE_STANDARD = "gnu++17";
				CLANG_CXX_LIBRARY = "libc++";
				CLANG_ENABLE_MODULES = YES;
				CLANG_ENABLE_OBJC_ARC = YES;
				CLANG_ENABLE_OBJC_WEAK = YES;
				CLANG_WARN_BLOCK_CAPTURE_AUTORELEASING = YES;
				CLANG_WARN_BOOL_CONVERSION = YES;
				CLANG_WARN_COMMA = YES;
				CLANG_WARN_CONSTANT_CONVERSION = YES;
				CLANG_WARN_DEPRECATED_OBJC_IMPLEMENTATIONS = YES;
				CLANG_WARN_DIRECT_OBJC_ISA_USAGE = YES_ERROR;
				CLANG_WARN_DOCUMENTATION_COMMENTS = YES;
				CLANG_WARN_EMPTY_BODY = YES;
				CLANG_WARN_ENUM_CONVERSION = YES;
				CLANG_WARN_INFINITE_RECURSION = YES;
				CLANG_WARN_INT_CONVERSION = YES;
				CLANG_WARN_NON_LITERAL_NULL_CONVERSION = YES;
				CLANG_WARN_OBJC_IMPLICIT_RETAIN_SELF = YES;
				CLANG_WARN_OBJC_LITERAL_CONVERSION = YES;
				CLANG_WARN_OBJC_ROOT_CLASS = YES_ERROR;
				CLANG_WARN_QUOTED_INCLUDE_IN_FRAMEWORK_HEADER = YES;
				CLANG_WARN_RANGE_LOOP_ANALYSIS = YES;
				CLANG_WARN_STRICT_PROTOTYPES = YES;
				CLANG_WARN_SUSPICIOUS_MOVE = YES;
				CLANG_WARN_UNGUARDED_AVAILABILITY = YES_AGGRESSIVE;
				CLANG_WARN_UNREACHABLE_CODE = YES;
				CLANG_WARN__DUPLICATE_METHOD_MATCH = YES;
				COPY_PHASE_STRIP = NO;
				CURRENT_PROJECT_VERSION = 1;
				DEBUG_INFORMATION_FORMAT = dwarf;
				ENABLE_STRICT_OBJC_MSGSEND = YES;
				ENABLE_TESTABILITY = YES;
				GCC_C_LANGUAGE_STANDARD = gnu11;
				GCC_DYNAMIC_NO_PIC = NO;
				GCC_NO_COMMON_BLOCKS = YES;
				GCC_OPTIMIZATION_LEVEL = 0;
				GCC_PREPROCESSOR_DEFINITIONS = (
					"DEBUG=1",
					"$(inherited)",
				);
				GCC_WARN_64_TO_32_BIT_CONVERSION = YES;
				GCC_WARN_ABOUT_RETURN_TYPE = YES_ERROR;
				GCC_WARN_UNDECLARED_SELECTOR = YES;
				GCC_WARN_UNINITIALIZED_AUTOS = YES_AGGRESSIVE;
				GCC_WARN_UNUSED_FUNCTION = YES;
				GCC_WARN_UNUSED_VARIABLE = YES;
				IPHONEOS_DEPLOYMENT_TARGET = 15.2;
				MTL_ENABLE_DEBUG_INFO = INCLUDE_SOURCE;
				MTL_FAST_MATH = YES;
				ONLY_ACTIVE_ARCH = YES;
				SDKROOT = iphoneos;
				SWIFT_ACTIVE_COMPILATION_CONDITIONS = DEBUG;
				SWIFT_OPTIMIZATION_LEVEL = "-Onone";
				VERSIONING_SYSTEM = "apple-generic";
				VERSION_INFO_PREFIX = "";
			};
			name = Debug;
		};
		C114DB38282B17040060D19A /* Release */ = {
			isa = XCBuildConfiguration;
			buildSettings = {
				ALWAYS_SEARCH_USER_PATHS = NO;
				CLANG_ANALYZER_NONNULL = YES;
				CLANG_ANALYZER_NUMBER_OBJECT_CONVERSION = YES_AGGRESSIVE;
				CLANG_CXX_LANGUAGE_STANDARD = "gnu++17";
				CLANG_CXX_LIBRARY = "libc++";
				CLANG_ENABLE_MODULES = YES;
				CLANG_ENABLE_OBJC_ARC = YES;
				CLANG_ENABLE_OBJC_WEAK = YES;
				CLANG_WARN_BLOCK_CAPTURE_AUTORELEASING = YES;
				CLANG_WARN_BOOL_CONVERSION = YES;
				CLANG_WARN_COMMA = YES;
				CLANG_WARN_CONSTANT_CONVERSION = YES;
				CLANG_WARN_DEPRECATED_OBJC_IMPLEMENTATIONS = YES;
				CLANG_WARN_DIRECT_OBJC_ISA_USAGE = YES_ERROR;
				CLANG_WARN_DOCUMENTATION_COMMENTS = YES;
				CLANG_WARN_EMPTY_BODY = YES;
				CLANG_WARN_ENUM_CONVERSION = YES;
				CLANG_WARN_INFINITE_RECURSION = YES;
				CLANG_WARN_INT_CONVERSION = YES;
				CLANG_WARN_NON_LITERAL_NULL_CONVERSION = YES;
				CLANG_WARN_OBJC_IMPLICIT_RETAIN_SELF = YES;
				CLANG_WARN_OBJC_LITERAL_CONVERSION = YES;
				CLANG_WARN_OBJC_ROOT_CLASS = YES_ERROR;
				CLANG_WARN_QUOTED_INCLUDE_IN_FRAMEWORK_HEADER = YES;
				CLANG_WARN_RANGE_LOOP_ANALYSIS = YES;
				CLANG_WARN_STRICT_PROTOTYPES = YES;
				CLANG_WARN_SUSPICIOUS_MOVE = YES;
				CLANG_WARN_UNGUARDED_AVAILABILITY = YES_AGGRESSIVE;
				CLANG_WARN_UNREACHABLE_CODE = YES;
				CLANG_WARN__DUPLICATE_METHOD_MATCH = YES;
				COPY_PHASE_STRIP = NO;
				CURRENT_PROJECT_VERSION = 1;
				DEBUG_INFORMATION_FORMAT = "dwarf-with-dsym";
				ENABLE_NS_ASSERTIONS = NO;
				ENABLE_STRICT_OBJC_MSGSEND = YES;
				GCC_C_LANGUAGE_STANDARD = gnu11;
				GCC_NO_COMMON_BLOCKS = YES;
				GCC_WARN_64_TO_32_BIT_CONVERSION = YES;
				GCC_WARN_ABOUT_RETURN_TYPE = YES_ERROR;
				GCC_WARN_UNDECLARED_SELECTOR = YES;
				GCC_WARN_UNINITIALIZED_AUTOS = YES_AGGRESSIVE;
				GCC_WARN_UNUSED_FUNCTION = YES;
				GCC_WARN_UNUSED_VARIABLE = YES;
				IPHONEOS_DEPLOYMENT_TARGET = 15.2;
				MTL_ENABLE_DEBUG_INFO = NO;
				MTL_FAST_MATH = YES;
				SDKROOT = iphoneos;
				SWIFT_COMPILATION_MODE = wholemodule;
				SWIFT_OPTIMIZATION_LEVEL = "-O";
				VALIDATE_PRODUCT = YES;
				VERSIONING_SYSTEM = "apple-generic";
				VERSION_INFO_PREFIX = "";
			};
			name = Release;
		};
		C114DB3A282B17040060D19A /* Debug */ = {
			isa = XCBuildConfiguration;
			buildSettings = {
				ALLOW_TARGET_PLATFORM_SPECIALIZATION = YES;
				BUILD_LIBRARY_FOR_DISTRIBUTION = YES;
				CODE_SIGN_STYLE = Automatic;
				CURRENT_PROJECT_VERSION = 1;
				DEFINES_MODULE = YES;
				DYLIB_COMPATIBILITY_VERSION = 1;
				DYLIB_CURRENT_VERSION = 1;
				DYLIB_INSTALL_NAME_BASE = "@rpath";
				GENERATE_INFOPLIST_FILE = YES;
				INFOPLIST_KEY_NSHumanReadableCopyright = "";
				INSTALL_PATH = "$(LOCAL_LIBRARY_DIR)/Frameworks";
				LD_RUNPATH_SEARCH_PATHS = (
					"@executable_path/Frameworks",
					"@executable_path/../Frameworks",
					"@loader_path/Frameworks",
					"@loader_path/../Frameworks",
					"$(inherited)",
					"@executable_path/Frameworks",
					"@loader_path/Frameworks",
				);
				MARKETING_VERSION = 1.0;
				PRODUCT_BUNDLE_IDENTIFIER = com.engineMedia.EngineUIKit;
				PRODUCT_NAME = "$(TARGET_NAME:c99extidentifier)";
				REEXPORTED_LIBRARY_PATHS = "";
				SKIP_INSTALL = YES;
				SUPPORTED_PLATFORMS = "macosx iphoneos iphonesimulator appletvos appletvsimulator watchos watchsimulator";
				SUPPORTS_MACCATALYST = YES;
				SWIFT_EMIT_LOC_STRINGS = YES;
				SWIFT_VERSION = 5.0;
				TARGETED_DEVICE_FAMILY = "1,2";
			};
			name = Debug;
		};
		C114DB3B282B17040060D19A /* Release */ = {
			isa = XCBuildConfiguration;
			buildSettings = {
				ALLOW_TARGET_PLATFORM_SPECIALIZATION = YES;
				BUILD_LIBRARY_FOR_DISTRIBUTION = YES;
				CODE_SIGN_STYLE = Automatic;
				CURRENT_PROJECT_VERSION = 1;
				DEFINES_MODULE = YES;
				DYLIB_COMPATIBILITY_VERSION = 1;
				DYLIB_CURRENT_VERSION = 1;
				DYLIB_INSTALL_NAME_BASE = "@rpath";
				GENERATE_INFOPLIST_FILE = YES;
				INFOPLIST_KEY_NSHumanReadableCopyright = "";
				INSTALL_PATH = "$(LOCAL_LIBRARY_DIR)/Frameworks";
				LD_RUNPATH_SEARCH_PATHS = (
					"@executable_path/Frameworks",
					"@executable_path/../Frameworks",
					"@loader_path/Frameworks",
					"@loader_path/../Frameworks",
					"$(inherited)",
					"@executable_path/Frameworks",
					"@loader_path/Frameworks",
				);
				MARKETING_VERSION = 1.0;
				PRODUCT_BUNDLE_IDENTIFIER = com.engineMedia.EngineUIKit;
				PRODUCT_NAME = "$(TARGET_NAME:c99extidentifier)";
				REEXPORTED_LIBRARY_PATHS = "";
				SKIP_INSTALL = YES;
				SUPPORTED_PLATFORMS = "macosx iphoneos iphonesimulator appletvos appletvsimulator watchos watchsimulator";
				SUPPORTS_MACCATALYST = YES;
				SWIFT_EMIT_LOC_STRINGS = YES;
				SWIFT_VERSION = 5.0;
				TARGETED_DEVICE_FAMILY = "1,2";
			};
			name = Release;
		};
		C114DB3D282B17040060D19A /* Debug */ = {
			isa = XCBuildConfiguration;
			buildSettings = {
				ALWAYS_EMBED_SWIFT_STANDARD_LIBRARIES = YES;
				CODE_SIGN_STYLE = Automatic;
				CURRENT_PROJECT_VERSION = 1;
				GENERATE_INFOPLIST_FILE = YES;
				MARKETING_VERSION = 1.0;
				PRODUCT_BUNDLE_IDENTIFIER = com.engineMedia.EngineUIKitTests;
				PRODUCT_NAME = "$(TARGET_NAME)";
				SWIFT_EMIT_LOC_STRINGS = NO;
				SWIFT_VERSION = 5.0;
				TARGETED_DEVICE_FAMILY = "1,2";
			};
			name = Debug;
		};
		C114DB3E282B17040060D19A /* Release */ = {
			isa = XCBuildConfiguration;
			buildSettings = {
				ALWAYS_EMBED_SWIFT_STANDARD_LIBRARIES = YES;
				CODE_SIGN_STYLE = Automatic;
				CURRENT_PROJECT_VERSION = 1;
				GENERATE_INFOPLIST_FILE = YES;
				MARKETING_VERSION = 1.0;
				PRODUCT_BUNDLE_IDENTIFIER = com.engineMedia.EngineUIKitTests;
				PRODUCT_NAME = "$(TARGET_NAME)";
				SWIFT_EMIT_LOC_STRINGS = NO;
				SWIFT_VERSION = 5.0;
				TARGETED_DEVICE_FAMILY = "1,2";
			};
			name = Release;
		};
/* End XCBuildConfiguration section */

/* Begin XCConfigurationList section */
		C114DB1F282B17040060D19A /* Build configuration list for PBXProject "EngineUIKit" */ = {
			isa = XCConfigurationList;
			buildConfigurations = (
				C114DB37282B17040060D19A /* Debug */,
				C114DB38282B17040060D19A /* Release */,
			);
			defaultConfigurationIsVisible = 0;
			defaultConfigurationName = Release;
		};
		C114DB39282B17040060D19A /* Build configuration list for PBXNativeTarget "EngineUIKit" */ = {
			isa = XCConfigurationList;
			buildConfigurations = (
				C114DB3A282B17040060D19A /* Debug */,
				C114DB3B282B17040060D19A /* Release */,
			);
			defaultConfigurationIsVisible = 0;
			defaultConfigurationName = Release;
		};
		C114DB3C282B17040060D19A /* Build configuration list for PBXNativeTarget "EngineUIKitTests" */ = {
			isa = XCConfigurationList;
			buildConfigurations = (
				C114DB3D282B17040060D19A /* Debug */,
				C114DB3E282B17040060D19A /* Release */,
			);
			defaultConfigurationIsVisible = 0;
			defaultConfigurationName = Release;
		};
/* End XCConfigurationList section */
	};
	rootObject = C114DB1C282B17040060D19A /* Project object */;
}
